%{
  "color": {:hex, :erlang_color, "1.0.0", "145fe1d2e65c4516e4f03fefca6c2f47ebad5899d978d70382a5cfe643e4ac9e", [:rebar3], [], "hexpm"},
  "file_system": {:hex, :file_system, "0.2.6", "fd4dc3af89b9ab1dc8ccbcc214a0e60c41f34be251d9307920748a14bf41f1d3", [:mix], [], "hexpm"},
  "lfe": {:hex, :lfe, "1.2.0", "257708859c0a6949f174cecee6f08bb5d6f08c0f97ec7b75c07072014723ecbc", [:rebar3], [], "hexpm"},
  "ltest": {:hex, :ltest, "0.10.0-rc6", "a605158832d4dc2704cbb572423ec13d1a18dd4d48dec7aff7a3011d0261f9db", [:rebar3], [], "hexpm"},
  "lutil": {:hex, :lutil, "0.10.0-rc6", "c3a560c9ed8cdc34b689591cf60336981ad4ea6ce299624ba87191d3fffb8da2", [:rebar3], [], "hexpm"},
  "mix_lfe": {:hex, :mix_lfe, "0.2.0-rc3", "c3e59aeac63f8acd256695d0f054f7334c28f39bf88241601be23600bff72c3a", [:mix], [{:color, "~> 1.0", [hex: :erlang_color, repo: "hexpm", optional: false]}, {:lfe, "~> 1.2", [hex: :lfe, repo: "hexpm", optional: false]}, {:ltest, "0.10.0-rc6", [hex: :ltest, repo: "hexpm", optional: false]}, {:lutil, "~> 0.10.0-rc6", [hex: :lutil, repo: "hexpm", optional: false]}], "hexpm"},
  "mix_test_watch": {:hex, :mix_test_watch, "0.9.0", "c72132a6071261893518fa08e121e911c9358713f62794a90c95db59042af375", [:mix], [{:file_system, "~> 0.2.1 or ~> 0.3", [hex: :file_system, repo: "hexpm", optional: false]}], "hexpm"},
  "observer_cli": {:hex, :observer_cli, "1.4.1", "8c829bb28e3f316a361216314405fe296d8dd2fd7409dfa53fa4ac1cff3797a0", [:rebar3], [{:recon, "2.3.6", [hex: :recon, repo: "hexpm", optional: false]}], "hexpm"},
  "recon": {:hex, :recon, "2.3.6", "2bcad0cf621fb277cabbb6413159cd3aa30265c2dee42c968697988b30108604", [:rebar3], [], "hexpm"},
}
