%{
  "color": {:hex, :erlang_color, "1.0.0", "145fe1d2e65c4516e4f03fefca6c2f47ebad5899d978d70382a5cfe643e4ac9e", [:rebar3], [], "hexpm"},
  "file_system": {:hex, :file_system, "0.2.6", "fd4dc3af89b9ab1dc8ccbcc214a0e60c41f34be251d9307920748a14bf41f1d3", [:mix], [], "hexpm"},
  "lfe": {:git, "https://github.com/rvirding/lfe.git", "af14b1439097850ffa39935419ed83f5bcaa6d09", [tag: "v1.3"]},
  "ltest": {:hex, :ltest, "0.10.0-rc6", "a605158832d4dc2704cbb572423ec13d1a18dd4d48dec7aff7a3011d0261f9db", [:rebar3], [], "hexpm"},
  "lutil": {:hex, :lutil, "0.10.0-rc6", "c3a560c9ed8cdc34b689591cf60336981ad4ea6ce299624ba87191d3fffb8da2", [:rebar3], [], "hexpm"},
  "mix_lfe": {:git, "https://github.com/kek/mix_lfe.git", "a354a8dfd4909691983159b16c7fff8ca6561aac", []},
  "mix_test_watch": {:hex, :mix_test_watch, "0.9.0", "c72132a6071261893518fa08e121e911c9358713f62794a90c95db59042af375", [:mix], [{:file_system, "~> 0.2.1 or ~> 0.3", [hex: :file_system, repo: "hexpm", optional: false]}], "hexpm"},
  "observer_cli": {:hex, :observer_cli, "1.4.1", "8c829bb28e3f316a361216314405fe296d8dd2fd7409dfa53fa4ac1cff3797a0", [:rebar3], [{:recon, "2.3.6", [hex: :recon, repo: "hexpm", optional: false]}], "hexpm"},
  "recon": {:hex, :recon, "2.3.6", "2bcad0cf621fb277cabbb6413159cd3aa30265c2dee42c968697988b30108604", [:rebar3], [], "hexpm"},
}
